PODS:
  - LinkedInSignIn (0.1.0):
    - MBProgressHUD (~> 0.9)
  - MBProgressHUD (0.9.2)

DEPENDENCIES:
  - LinkedInSignIn (from `../`)

EXTERNAL SOURCES:
  LinkedInSignIn:
    :path: ../

SPEC CHECKSUMS:
  LinkedInSignIn: 7b557e96a9d01a61d78f6def841404ed696add6a
  MBProgressHUD: 1569cf7ace17a8bac47aabfbb8580a49690386d1

PODFILE CHECKSUM: 179c4a86f033a1f2a758db2f26f0e16b575fa15d

COCOAPODS: 1.4.0
