// !$*UTF8*$!
{
	archiveVersion = 1;
	classes = {
	};
	objectVersion = 46;
	objects = {

/* Begin PBXBuildFile section */
		C04133461C282A8200C48FAE /* AppDelegate.swift in Sources */ = {isa = PBXBuildFile; fileRef = C04133451C282A8200C48FAE /* AppDelegate.swift */; };
		C04133481C282A8200C48FAE /* ViewController.swift in Sources */ = {isa = PBXBuildFile; fileRef = C04133471C282A8200C48FAE /* ViewController.swift */; };
		C041334B1C282A8200C48FAE /* Main.storyboard in Resources */ = {isa = PBXBuildFile; fileRef = C04133491C282A8200C48FAE /* Main.storyboard */; };
		C041334D1C282A8200C48FAE /* Assets.xcassets in Resources */ = {isa = PBXBuildFile; fileRef = C041334C1C282A8200C48FAE /* Assets.xcassets */; };
		C04133501C282A8200C48FAE /* LaunchScreen.storyboard in Resources */ = {isa = PBXBuildFile; fileRef = C041334E1C282A8200C48FAE /* LaunchScreen.storyboard */; };
		C04133581C282A9D00C48FAE /* LinkedInLoginVC.swift in Sources */ = {isa = PBXBuildFile; fileRef = C04133571C282A9D00C48FAE /* LinkedInLoginVC.swift */; };
		E8EED2271FBE06880034AD77 /* LinkedinHelper.swift in Sources */ = {isa = PBXBuildFile; fileRef = E8EED2261FBE06880034AD77 /* LinkedinHelper.swift */; };
		E8EED2291FBE06E80034AD77 /* LinkedInConfig.swift in Sources */ = {isa = PBXBuildFile; fileRef = E8EED2281FBE06E70034AD77 /* LinkedInConfig.swift */; };
/* End PBXBuildFile section */

/* Begin PBXFileReference section */
		C04133421C282A8200C48FAE /* LinkedInSignIn.app */ = {isa = PBXFileReference; explicitFileType = wrapper.application; includeInIndex = 0; path = LinkedInSignIn.app; sourceTree = BUILT_PRODUCTS_DIR; };
		C04133451C282A8200C48FAE /* AppDelegate.swift */ = {isa = PBXFileReference; lastKnownFileType = sourcecode.swift; path = AppDelegate.swift; sourceTree = "<group>"; };
		C04133471C282A8200C48FAE /* ViewController.swift */ = {isa = PBXFileReference; lastKnownFileType = sourcecode.swift; path = ViewController.swift; sourceTree = "<group>"; };
		C041334A1C282A8200C48FAE /* Base */ = {isa = PBXFileReference; lastKnownFileType = file.storyboard; name = Base; path = Base.lproj/Main.storyboard; sourceTree = "<group>"; };
		C041334C1C282A8200C48FAE /* Assets.xcassets */ = {isa = PBXFileReference; lastKnownFileType = folder.assetcatalog; path = Assets.xcassets; sourceTree = "<group>"; };
		C041334F1C282A8200C48FAE /* Base */ = {isa = PBXFileReference; lastKnownFileType = file.storyboard; name = Base; path = Base.lproj/LaunchScreen.storyboard; sourceTree = "<group>"; };
		C04133511C282A8200C48FAE /* Info.plist */ = {isa = PBXFileReference; lastKnownFileType = text.plist.xml; path = Info.plist; sourceTree = "<group>"; };
		C04133571C282A9D00C48FAE /* LinkedInLoginVC.swift */ = {isa = PBXFileReference; fileEncoding = 4; lastKnownFileType = sourcecode.swift; path = LinkedInLoginVC.swift; sourceTree = "<group>"; };
		E8EED2261FBE06880034AD77 /* LinkedinHelper.swift */ = {isa = PBXFileReference; lastKnownFileType = sourcecode.swift; path = LinkedinHelper.swift; sourceTree = "<group>"; };
		E8EED2281FBE06E70034AD77 /* LinkedInConfig.swift */ = {isa = PBXFileReference; lastKnownFileType = sourcecode.swift; path = LinkedInConfig.swift; sourceTree = "<group>"; };
/* End PBXFileReference section */

/* Begin PBXFrameworksBuildPhase section */
		C041333F1C282A8200C48FAE /* Frameworks */ = {
			isa = PBXFrameworksBuildPhase;
			buildActionMask = 2147483647;
			files = (
			);
			runOnlyForDeploymentPostprocessing = 0;
		};
/* End PBXFrameworksBuildPhase section */

/* Begin PBXGroup section */
		C04133391C282A8200C48FAE = {
			isa = PBXGroup;
			children = (
				C04133441C282A8200C48FAE /* LISignIn */,
				C04133431C282A8200C48FAE /* Products */,
			);
			sourceTree = "<group>";
		};
		C04133431C282A8200C48FAE /* Products */ = {
			isa = PBXGroup;
			children = (
				C04133421C282A8200C48FAE /* LinkedInSignIn.app */,
			);
			name = Products;
			sourceTree = "<group>";
		};
		C04133441C282A8200C48FAE /* LISignIn */ = {
			isa = PBXGroup;
			children = (
				C04133451C282A8200C48FAE /* AppDelegate.swift */,
				C04133471C282A8200C48FAE /* ViewController.swift */,
				E8EED2281FBE06E70034AD77 /* LinkedInConfig.swift */,
				C04133571C282A9D00C48FAE /* LinkedInLoginVC.swift */,
				E8EED2261FBE06880034AD77 /* LinkedinHelper.swift */,
				C04133491C282A8200C48FAE /* Main.storyboard */,
				C041334C1C282A8200C48FAE /* Assets.xcassets */,
				C041334E1C282A8200C48FAE /* LaunchScreen.storyboard */,
				C04133511C282A8200C48FAE /* Info.plist */,
			);
			path = LISignIn;
			sourceTree = "<group>";
		};
/* End PBXGroup section */

/* Begin PBXNativeTarget section */
		C04133411C282A8200C48FAE /* LinkedInSignIn */ = {
			isa = PBXNativeTarget;
			buildConfigurationList = C04133541C282A8200C48FAE /* Build configuration list for PBXNativeTarget "LinkedInSignIn" */;
			buildPhases = (
				C041333E1C282A8200C48FAE /* Sources */,
				C041333F1C282A8200C48FAE /* Frameworks */,
				C04133401C282A8200C48FAE /* Resources */,
			);
			buildRules = (
			);
			dependencies = (
			);
			name = LinkedInSignIn;
			productName = LISignIn;
			productReference = C04133421C282A8200C48FAE /* LinkedInSignIn.app */;
			productType = "com.apple.product-type.application";
		};
/* End PBXNativeTarget section */

/* Begin PBXProject section */
		C041333A1C282A8200C48FAE /* Project object */ = {
			isa = PBXProject;
			attributes = {
				LastSwiftUpdateCheck = 0720;
				LastUpgradeCheck = 0720;
				ORGANIZATIONNAME = Appcoda;
				TargetAttributes = {
					C04133411C282A8200C48FAE = {
						CreatedOnToolsVersion = 7.2;
					};
				};
			};
			buildConfigurationList = C041333D1C282A8200C48FAE /* Build configuration list for PBXProject "LinkedInSignIn" */;
			compatibilityVersion = "Xcode 3.2";
			developmentRegion = English;
			hasScannedForEncodings = 0;
			knownRegions = (
				en,
				Base,
			);
			mainGroup = C04133391C282A8200C48FAE;
			productRefGroup = C04133431C282A8200C48FAE /* Products */;
			projectDirPath = "";
			projectRoot = "";
			targets = (
				C04133411C282A8200C48FAE /* LinkedInSignIn */,
			);
		};
/* End PBXProject section */

/* Begin PBXResourcesBuildPhase section */
		C04133401C282A8200C48FAE /* Resources */ = {
			isa = PBXResourcesBuildPhase;
			buildActionMask = 2147483647;
			files = (
				C04133501C282A8200C48FAE /* LaunchScreen.storyboard in Resources */,
				C041334D1C282A8200C48FAE /* Assets.xcassets in Resources */,
				C041334B1C282A8200C48FAE /* Main.storyboard in Resources */,
			);
			runOnlyForDeploymentPostprocessing = 0;
		};
/* End PBXResourcesBuildPhase section */

/* Begin PBXSourcesBuildPhase section */
		C041333E1C282A8200C48FAE /* Sources */ = {
			isa = PBXSourcesBuildPhase;
			buildActionMask = 2147483647;
			files = (
				E8EED2291FBE06E80034AD77 /* LinkedInConfig.swift in Sources */,
				C04133481C282A8200C48FAE /* ViewController.swift in Sources */,
				E8EED2271FBE06880034AD77 /* LinkedinHelper.swift in Sources */,
				C04133581C282A9D00C48FAE /* LinkedInLoginVC.swift in Sources */,
				C04133461C282A8200C48FAE /* AppDelegate.swift in Sources */,
			);
			runOnlyForDeploymentPostprocessing = 0;
		};
/* End PBXSourcesBuildPhase section */

/* Begin PBXVariantGroup section */
		C04133491C282A8200C48FAE /* Main.storyboard */ = {
			isa = PBXVariantGroup;
			children = (
				C041334A1C282A8200C48FAE /* Base */,
			);
			name = Main.storyboard;
			sourceTree = "<group>";
		};
		C041334E1C282A8200C48FAE /* LaunchScreen.storyboard */ = {
			isa = PBXVariantGroup;
			children = (
				C041334F1C282A8200C48FAE /* Base */,
			);
			name = LaunchScreen.storyboard;
			sourceTree = "<group>";
		};
/* End PBXVariantGroup section */

/* Begin XCBuildConfiguration section */
		C04133521C282A8200C48FAE /* Debug */ = {
			isa = XCBuildConfiguration;
			buildSettings = {
				ALWAYS_SEARCH_USER_PATHS = NO;
				CLANG_CXX_LANGUAGE_STANDARD = "gnu++0x";
				CLANG_CXX_LIBRARY = "libc++";
				CLANG_ENABLE_MODULES = YES;
				CLANG_ENABLE_OBJC_ARC = YES;
				CLANG_WARN_BOOL_CONVERSION = YES;
				CLANG_WARN_CONSTANT_CONVERSION = YES;
				CLANG_WARN_DIRECT_OBJC_ISA_USAGE = YES_ERROR;
				CLANG_WARN_EMPTY_BODY = YES;
				CLANG_WARN_ENUM_CONVERSION = YES;
				CLANG_WARN_INT_CONVERSION = YES;
				CLANG_WARN_OBJC_ROOT_CLASS = YES_ERROR;
				CLANG_WARN_UNREACHABLE_CODE = YES;
				CLANG_WARN__DUPLICATE_METHOD_MATCH = YES;
				"CODE_SIGN_IDENTITY[sdk=iphoneos*]" = "iPhone Developer";
				COPY_PHASE_STRIP = NO;
				DEBUG_INFORMATION_FORMAT = dwarf;
				ENABLE_STRICT_OBJC_MSGSEND = YES;
				ENABLE_TESTABILITY = YES;
				GCC_C_LANGUAGE_STANDARD = gnu99;
				GCC_DYNAMIC_NO_PIC = NO;
				GCC_NO_COMMON_BLOCKS = YES;
				GCC_OPTIMIZATION_LEVEL = 0;
				GCC_PREPROCESSOR_DEFINITIONS = (
					"DEBUG=1",
					"$(inherited)",
				);
				GCC_WARN_64_TO_32_BIT_CONVERSION = YES;
				GCC_WARN_ABOUT_RETURN_TYPE = YES_ERROR;
				GCC_WARN_UNDECLARED_SELECTOR = YES;
				GCC_WARN_UNINITIALIZED_AUTOS = YES_AGGRESSIVE;
				GCC_WARN_UNUSED_FUNCTION = YES;
				GCC_WARN_UNUSED_VARIABLE = YES;
				IPHONEOS_DEPLOYMENT_TARGET = 9.2;
				MTL_ENABLE_DEBUG_INFO = YES;
				ONLY_ACTIVE_ARCH = YES;
				SDKROOT = iphoneos;
				SWIFT_OPTIMIZATION_LEVEL = "-Onone";
			};
			name = Debug;
		};
		C04133531C282A8200C48FAE /* Release */ = {
			isa = XCBuildConfiguration;
			buildSettings = {
				ALWAYS_SEARCH_USER_PATHS = NO;
				CLANG_CXX_LANGUAGE_STANDARD = "gnu++0x";
				CLANG_CXX_LIBRARY = "libc++";
				CLANG_ENABLE_MODULES = YES;
				CLANG_ENABLE_OBJC_ARC = YES;
				CLANG_WARN_BOOL_CONVERSION = YES;
				CLANG_WARN_CONSTANT_CONVERSION = YES;
				CLANG_WARN_DIRECT_OBJC_ISA_USAGE = YES_ERROR;
				CLANG_WARN_EMPTY_BODY = YES;
				CLANG_WARN_ENUM_CONVERSION = YES;
				CLANG_WARN_INT_CONVERSION = YES;
				CLANG_WARN_OBJC_ROOT_CLASS = YES_ERROR;
				CLANG_WARN_UNREACHABLE_CODE = YES;
				CLANG_WARN__DUPLICATE_METHOD_MATCH = YES;
				"CODE_SIGN_IDENTITY[sdk=iphoneos*]" = "iPhone Developer";
				COPY_PHASE_STRIP = NO;
				DEBUG_INFORMATION_FORMAT = "dwarf-with-dsym";
				ENABLE_NS_ASSERTIONS = NO;
				ENABLE_STRICT_OBJC_MSGSEND = YES;
				GCC_C_LANGUAGE_STANDARD = gnu99;
				GCC_NO_COMMON_BLOCKS = YES;
				GCC_WARN_64_TO_32_BIT_CONVERSION = YES;
				GCC_WARN_ABOUT_RETURN_TYPE = YES_ERROR;
				GCC_WARN_UNDECLARED_SELECTOR = YES;
				GCC_WARN_UNINITIALIZED_AUTOS = YES_AGGRESSIVE;
				GCC_WARN_UNUSED_FUNCTION = YES;
				GCC_WARN_UNUSED_VARIABLE = YES;
				IPHONEOS_DEPLOYMENT_TARGET = 9.2;
				MTL_ENABLE_DEBUG_INFO = NO;
				SDKROOT = iphoneos;
				VALIDATE_PRODUCT = YES;
			};
			name = Release;
		};
		C04133551C282A8200C48FAE /* Debug */ = {
			isa = XCBuildConfiguration;
			buildSettings = {
				ASSETCATALOG_COMPILER_APPICON_NAME = AppIcon;
				INFOPLIST_FILE = LISignIn/Info.plist;
				LD_RUNPATH_SEARCH_PATHS = "$(inherited) @executable_path/Frameworks";
				PRODUCT_BUNDLE_IDENTIFIER = com.appcoda.LISignIn;
				PRODUCT_NAME = "$(TARGET_NAME)";
				SWIFT_VERSION = 4.0;
			};
			name = Debug;
		};
		C04133561C282A8200C48FAE /* Release */ = {
			isa = XCBuildConfiguration;
			buildSettings = {
				ASSETCATALOG_COMPILER_APPICON_NAME = AppIcon;
				INFOPLIST_FILE = LISignIn/Info.plist;
				LD_RUNPATH_SEARCH_PATHS = "$(inherited) @executable_path/Frameworks";
				PRODUCT_BUNDLE_IDENTIFIER = com.appcoda.LISignIn;
				PRODUCT_NAME = "$(TARGET_NAME)";
				SWIFT_VERSION = 4.0;
			};
			name = Release;
		};
/* End XCBuildConfiguration section */

/* Begin XCConfigurationList section */
		C041333D1C282A8200C48FAE /* Build configuration list for PBXProject "LinkedInSignIn" */ = {
			isa = XCConfigurationList;
			buildConfigurations = (
				C04133521C282A8200C48FAE /* Debug */,
				C04133531C282A8200C48FAE /* Release */,
			);
			defaultConfigurationIsVisible = 0;
			defaultConfigurationName = Release;
		};
		C04133541C282A8200C48FAE /* Build configuration list for PBXNativeTarget "LinkedInSignIn" */ = {
			isa = XCConfigurationList;
			buildConfigurations = (
				C04133551C282A8200C48FAE /* Debug */,
				C04133561C282A8200C48FAE /* Release */,
			);
			defaultConfigurationIsVisible = 0;
			defaultConfigurationName = Release;
		};
/* End XCConfigurationList section */
	};
	rootObject = C041333A1C282A8200C48FAE /* Project object */;
}
